
Microsoft Visual Studio Solution File, Format Version 12.00
# Visual Studio Version 17
VisualStudioVersion = 17.0.31903.59
MinimumVisualStudioVersion = 10.0.40219.1
Project("{2150E333-8FDC-42A3-9474-1A3956D46DE8}") = "src", "src", "{827E0CD3-B72D-47B6-A68D-7590B98EB39B}"
EndProject
Project("{FAE04EC0-301F-11D3-BF4B-00C04F79EFBC}") = "QrMenu.Application", "src\QrMenu.Application\QrMenu.Application.csproj", "{DC03D0B7-D567-4A22-A660-ABE37CCAA120}"
EndProject
Project("{FAE04EC0-301F-11D3-BF4B-00C04F79EFBC}") = "QrMenu.Domain", "src\QrMenu.Domain\QrMenu.Domain.csproj", "{986F155F-B125-43E7-B8CD-1612C144CCA3}"
EndProject
Project("{FAE04EC0-301F-11D3-BF4B-00C04F79EFBC}") = "QrMenu.Infrastructure", "src\QrMenu.Infrastructure\QrMenu.Infrastructure.csproj", "{50625C52-3058-4A44-9A1F-0064763DEF41}"
EndProject
Project("{FAE04EC0-301F-11D3-BF4B-00C04F79EFBC}") = "QrMenu.PublicApi", "src\QrMenu.PublicApi\QrMenu.PublicApi.csproj", "{2D9F2CB2-6A34-4B3C-98C1-848DF3D771E5}"
EndProject
Project("{FAE04EC0-301F-11D3-BF4B-00C04F79EFBC}") = "QrMenu.Web", "src\QrMenu.Web\QrMenu.Web.csproj", "{005F676C-7E35-4B93-B205-FB4FBF845D1C}"
EndProject
Global
	GlobalSection(SolutionConfigurationPlatforms) = preSolution
		Debug|Any CPU = Debug|Any CPU
		Debug|x64 = Debug|x64
		Debug|x86 = Debug|x86
		Release|Any CPU = Release|Any CPU
		Release|x64 = Release|x64
		Release|x86 = Release|x86
	EndGlobalSection
	GlobalSection(ProjectConfigurationPlatforms) = postSolution
		{DC03D0B7-D567-4A22-A660-ABE37CCAA120}.Debug|Any CPU.ActiveCfg = Debug|Any CPU
		{DC03D0B7-D567-4A22-A660-ABE37CCAA120}.Debug|Any CPU.Build.0 = Debug|Any CPU
		{DC03D0B7-D567-4A22-A660-ABE37CCAA120}.Debug|x64.ActiveCfg = Debug|Any CPU
		{DC03D0B7-D567-4A22-A660-ABE37CCAA120}.Debug|x64.Build.0 = Debug|Any CPU
		{DC03D0B7-D567-4A22-A660-ABE37CCAA120}.Debug|x86.ActiveCfg = Debug|Any CPU
		{DC03D0B7-D567-4A22-A660-ABE37CCAA120}.Debug|x86.Build.0 = Debug|Any CPU
		{DC03D0B7-D567-4A22-A660-ABE37CCAA120}.Release|Any CPU.ActiveCfg = Release|Any CPU
		{DC03D0B7-D567-4A22-A660-ABE37CCAA120}.Release|Any CPU.Build.0 = Release|Any CPU
		{DC03D0B7-D567-4A22-A660-ABE37CCAA120}.Release|x64.ActiveCfg = Release|Any CPU
		{DC03D0B7-D567-4A22-A660-ABE37CCAA120}.Release|x64.Build.0 = Release|Any CPU
		{DC03D0B7-D567-4A22-A660-ABE37CCAA120}.Release|x86.ActiveCfg = Release|Any CPU
		{DC03D0B7-D567-4A22-A660-ABE37CCAA120}.Release|x86.Build.0 = Release|Any CPU
		{986F155F-B125-43E7-B8CD-1612C144CCA3}.Debug|Any CPU.ActiveCfg = Debug|Any CPU
		{986F155F-B125-43E7-B8CD-1612C144CCA3}.Debug|Any CPU.Build.0 = Debug|Any CPU
		{986F155F-B125-43E7-B8CD-1612C144CCA3}.Debug|x64.ActiveCfg = Debug|Any CPU
		{986F155F-B125-43E7-B8CD-1612C144CCA3}.Debug|x64.Build.0 = Debug|Any CPU
		{986F155F-B125-43E7-B8CD-1612C144CCA3}.Debug|x86.ActiveCfg = Debug|Any CPU
		{986F155F-B125-43E7-B8CD-1612C144CCA3}.Debug|x86.Build.0 = Debug|Any CPU
		{986F155F-B125-43E7-B8CD-1612C144CCA3}.Release|Any CPU.ActiveCfg = Release|Any CPU
		{986F155F-B125-43E7-B8CD-1612C144CCA3}.Release|Any CPU.Build.0 = Release|Any CPU
		{986F155F-B125-43E7-B8CD-1612C144CCA3}.Release|x64.ActiveCfg = Release|Any CPU
		{986F155F-B125-43E7-B8CD-1612C144CCA3}.Release|x64.Build.0 = Release|Any CPU
		{986F155F-B125-43E7-B8CD-1612C144CCA3}.Release|x86.ActiveCfg = Release|Any CPU
		{986F155F-B125-43E7-B8CD-1612C144CCA3}.Release|x86.Build.0 = Release|Any CPU
		{50625C52-3058-4A44-9A1F-0064763DEF41}.Debug|Any CPU.ActiveCfg = Debug|Any CPU
		{50625C52-3058-4A44-9A1F-0064763DEF41}.Debug|Any CPU.Build.0 = Debug|Any CPU
		{50625C52-3058-4A44-9A1F-0064763DEF41}.Debug|x64.ActiveCfg = Debug|Any CPU
		{50625C52-3058-4A44-9A1F-0064763DEF41}.Debug|x64.Build.0 = Debug|Any CPU
		{50625C52-3058-4A44-9A1F-0064763DEF41}.Debug|x86.ActiveCfg = Debug|Any CPU
		{50625C52-3058-4A44-9A1F-0064763DEF41}.Debug|x86.Build.0 = Debug|Any CPU
		{50625C52-3058-4A44-9A1F-0064763DEF41}.Release|Any CPU.ActiveCfg = Release|Any CPU
		{50625C52-3058-4A44-9A1F-0064763DEF41}.Release|Any CPU.Build.0 = Release|Any CPU
		{50625C52-3058-4A44-9A1F-0064763DEF41}.Release|x64.ActiveCfg = Release|Any CPU
		{50625C52-3058-4A44-9A1F-0064763DEF41}.Release|x64.Build.0 = Release|Any CPU
		{50625C52-3058-4A44-9A1F-0064763DEF41}.Release|x86.ActiveCfg = Release|Any CPU
		{50625C52-3058-4A44-9A1F-0064763DEF41}.Release|x86.Build.0 = Release|Any CPU
		{2D9F2CB2-6A34-4B3C-98C1-848DF3D771E5}.Debug|Any CPU.ActiveCfg = Debug|Any CPU
		{2D9F2CB2-6A34-4B3C-98C1-848DF3D771E5}.Debug|Any CPU.Build.0 = Debug|Any CPU
		{2D9F2CB2-6A34-4B3C-98C1-848DF3D771E5}.Debug|x64.ActiveCfg = Debug|Any CPU
		{2D9F2CB2-6A34-4B3C-98C1-848DF3D771E5}.Debug|x64.Build.0 = Debug|Any CPU
		{2D9F2CB2-6A34-4B3C-98C1-848DF3D771E5}.Debug|x86.ActiveCfg = Debug|Any CPU
		{2D9F2CB2-6A34-4B3C-98C1-848DF3D771E5}.Debug|x86.Build.0 = Debug|Any CPU
		{2D9F2CB2-6A34-4B3C-98C1-848DF3D771E5}.Release|Any CPU.ActiveCfg = Release|Any CPU
		{2D9F2CB2-6A34-4B3C-98C1-848DF3D771E5}.Release|Any CPU.Build.0 = Release|Any CPU
		{2D9F2CB2-6A34-4B3C-98C1-848DF3D771E5}.Release|x64.ActiveCfg = Release|Any CPU
		{2D9F2CB2-6A34-4B3C-98C1-848DF3D771E5}.Release|x64.Build.0 = Release|Any CPU
		{2D9F2CB2-6A34-4B3C-98C1-848DF3D771E5}.Release|x86.ActiveCfg = Release|Any CPU
		{2D9F2CB2-6A34-4B3C-98C1-848DF3D771E5}.Release|x86.Build.0 = Release|Any CPU
		{005F676C-7E35-4B93-B205-FB4FBF845D1C}.Debug|Any CPU.ActiveCfg = Debug|Any CPU
		{005F676C-7E35-4B93-B205-FB4FBF845D1C}.Debug|Any CPU.Build.0 = Debug|Any CPU
		{005F676C-7E35-4B93-B205-FB4FBF845D1C}.Debug|x64.ActiveCfg = Debug|Any CPU
		{005F676C-7E35-4B93-B205-FB4FBF845D1C}.Debug|x64.Build.0 = Debug|Any CPU
		{005F676C-7E35-4B93-B205-FB4FBF845D1C}.Debug|x86.ActiveCfg = Debug|Any CPU
		{005F676C-7E35-4B93-B205-FB4FBF845D1C}.Debug|x86.Build.0 = Debug|Any CPU
		{005F676C-7E35-4B93-B205-FB4FBF845D1C}.Release|Any CPU.ActiveCfg = Release|Any CPU
		{005F676C-7E35-4B93-B205-FB4FBF845D1C}.Release|Any CPU.Build.0 = Release|Any CPU
		{005F676C-7E35-4B93-B205-FB4FBF845D1C}.Release|x64.ActiveCfg = Release|Any CPU
		{005F676C-7E35-4B93-B205-FB4FBF845D1C}.Release|x64.Build.0 = Release|Any CPU
		{005F676C-7E35-4B93-B205-FB4FBF845D1C}.Release|x86.ActiveCfg = Release|Any CPU
		{005F676C-7E35-4B93-B205-FB4FBF845D1C}.Release|x86.Build.0 = Release|Any CPU
	EndGlobalSection
	GlobalSection(SolutionProperties) = preSolution
		HideSolutionNode = FALSE
	EndGlobalSection
	GlobalSection(NestedProjects) = preSolution
		{DC03D0B7-D567-4A22-A660-ABE37CCAA120} = {827E0CD3-B72D-47B6-A68D-7590B98EB39B}
		{986F155F-B125-43E7-B8CD-1612C144CCA3} = {827E0CD3-B72D-47B6-A68D-7590B98EB39B}
		{50625C52-3058-4A44-9A1F-0064763DEF41} = {827E0CD3-B72D-47B6-A68D-7590B98EB39B}
		{2D9F2CB2-6A34-4B3C-98C1-848DF3D771E5} = {827E0CD3-B72D-47B6-A68D-7590B98EB39B}
		{005F676C-7E35-4B93-B205-FB4FBF845D1C} = {827E0CD3-B72D-47B6-A68D-7590B98EB39B}
	EndGlobalSection
EndGlobal
